// !$*UTF8*$!
{
	archiveVersion = 1;
	classes = {
	};
	objectVersion = 50;
	objects = {

/* Begin PBXBuildFile section */
		48D340512576BD59007DB3D7 /* AppDelegate.swift in Sources */ = {isa = PBXBuildFile; fileRef = 48D340502576BD59007DB3D7 /* AppDelegate.swift */; };
		48D340532576BD59007DB3D7 /* SceneDelegate.swift in Sources */ = {isa = PBXBuildFile; fileRef = 48D340522576BD59007DB3D7 /* SceneDelegate.swift */; };
		48D340552576BD59007DB3D7 /* ViewController.swift in Sources */ = {isa = PBXBuildFile; fileRef = 48D340542576BD59007DB3D7 /* ViewController.swift */; };
		48D340582576BD59007DB3D7 /* Main.storyboard in Resources */ = {isa = PBXBuildFile; fileRef = 48D340562576BD59007DB3D7 /* Main.storyboard */; };
		48D3405A2576BD5F007DB3D7 /* Assets.xcassets in Resources */ = {isa = PBXBuildFile; fileRef = 48D340592576BD5F007DB3D7 /* Assets.xcassets */; };
		48D3405D2576BD5F007DB3D7 /* LaunchScreen.storyboard in Resources */ = {isa = PBXBuildFile; fileRef = 48D3405B2576BD5F007DB3D7 /* LaunchScreen.storyboard */; };
		48D340682576BD5F007DB3D7 /* Magic_8_BallTests.swift in Sources */ = {isa = PBXBuildFile; fileRef = 48D340672576BD5F007DB3D7 /* Magic_8_BallTests.swift */; };
		48D340732576BD60007DB3D7 /* Magic_8_BallUITests.swift in Sources */ = {isa = PBXBuildFile; fileRef = 48D340722576BD60007DB3D7 /* Magic_8_BallUITests.swift */; };
/* End PBXBuildFile section */

/* Begin PBXContainerItemProxy section */
		48D340642576BD5F007DB3D7 /* PBXContainerItemProxy */ = {
			isa = PBXContainerItemProxy;
			containerPortal = 48D340452576BD59007DB3D7 /* Project object */;
			proxyType = 1;
			remoteGlobalIDString = 48D3404C2576BD59007DB3D7;
			remoteInfo = "Magic 8 Ball";
		};
		48D3406F2576BD5F007DB3D7 /* PBXContainerItemProxy */ = {
			isa = PBXContainerItemProxy;
			containerPortal = 48D340452576BD59007DB3D7 /* Project object */;
			proxyType = 1;
			remoteGlobalIDString = 48D3404C2576BD59007DB3D7;
			remoteInfo = "Magic 8 Ball";
		};
/* End PBXContainerItemProxy section */

/* Begin PBXFileReference section */
		48D3404D2576BD59007DB3D7 /* Magic 8 Ball.app */ = {isa = PBXFileReference; explicitFileType = wrapper.application; includeInIndex = 0; path = "Magic 8 Ball.app"; sourceTree = BUILT_PRODUCTS_DIR; };
		48D340502576BD59007DB3D7 /* AppDelegate.swift */ = {isa = PBXFileReference; lastKnownFileType = sourcecode.swift; path = AppDelegate.swift; sourceTree = "<group>"; };
		48D340522576BD59007DB3D7 /* SceneDelegate.swift */ = {isa = PBXFileReference; lastKnownFileType = sourcecode.swift; path = SceneDelegate.swift; sourceTree = "<group>"; };
		48D340542576BD59007DB3D7 /* ViewController.swift */ = {isa = PBXFileReference; lastKnownFileType = sourcecode.swift; path = ViewController.swift; sourceTree = "<group>"; };
		48D340572576BD59007DB3D7 /* Base */ = {isa = PBXFileReference; lastKnownFileType = file.storyboard; name = Base; path = Base.lproj/Main.storyboard; sourceTree = "<group>"; };
		48D340592576BD5F007DB3D7 /* Assets.xcassets */ = {isa = PBXFileReference; lastKnownFileType = folder.assetcatalog; path = Assets.xcassets; sourceTree = "<group>"; };
		48D3405C2576BD5F007DB3D7 /* Base */ = {isa = PBXFileReference; lastKnownFileType = file.storyboard; name = Base; path = Base.lproj/LaunchScreen.storyboard; sourceTree = "<group>"; };
		48D3405E2576BD5F007DB3D7 /* Info.plist */ = {isa = PBXFileReference; lastKnownFileType = text.plist.xml; path = Info.plist; sourceTree = "<group>"; };
		48D340632576BD5F007DB3D7 /* Magic 8 BallTests.xctest */ = {isa = PBXFileReference; explicitFileType = wrapper.cfbundle; includeInIndex = 0; path = "Magic 8 BallTests.xctest"; sourceTree = BUILT_PRODUCTS_DIR; };
		48D340672576BD5F007DB3D7 /* Magic_8_BallTests.swift */ = {isa = PBXFileReference; lastKnownFileType = sourcecode.swift; path = Magic_8_BallTests.swift; sourceTree = "<group>"; };
		48D340692576BD5F007DB3D7 /* Info.plist */ = {isa = PBXFileReference; lastKnownFileType = text.plist.xml; path = Info.plist; sourceTree = "<group>"; };
		48D3406E2576BD5F007DB3D7 /* Magic 8 BallUITests.xctest */ = {isa = PBXFileReference; explicitFileType = wrapper.cfbundle; includeInIndex = 0; path = "Magic 8 BallUITests.xctest"; sourceTree = BUILT_PRODUCTS_DIR; };
		48D340722576BD60007DB3D7 /* Magic_8_BallUITests.swift */ = {isa = PBXFileReference; lastKnownFileType = sourcecode.swift; path = Magic_8_BallUITests.swift; sourceTree = "<group>"; };
		48D340742576BD60007DB3D7 /* Info.plist */ = {isa = PBXFileReference; lastKnownFileType = text.plist.xml; path = Info.plist; sourceTree = "<group>"; };
/* End PBXFileReference section */

/* Begin PBXFrameworksBuildPhase section */
		48D3404A2576BD59007DB3D7 /* Frameworks */ = {
			isa = PBXFrameworksBuildPhase;
			buildActionMask = 2147483647;
			files = (
			);
			runOnlyForDeploymentPostprocessing = 0;
		};
		48D340602576BD5F007DB3D7 /* Frameworks */ = {
			isa = PBXFrameworksBuildPhase;
			buildActionMask = 2147483647;
			files = (
			);
			runOnlyForDeploymentPostprocessing = 0;
		};
		48D3406B2576BD5F007DB3D7 /* Frameworks */ = {
			isa = PBXFrameworksBuildPhase;
			buildActionMask = 2147483647;
			files = (
			);
			runOnlyForDeploymentPostprocessing = 0;
		};
/* End PBXFrameworksBuildPhase section */

/* Begin PBXGroup section */
		48D340442576BD59007DB3D7 = {
			isa = PBXGroup;
			children = (
				48D3404F2576BD59007DB3D7 /* Magic 8 Ball */,
				48D340662576BD5F007DB3D7 /* Magic 8 BallTests */,
				48D340712576BD60007DB3D7 /* Magic 8 BallUITests */,
				48D3404E2576BD59007DB3D7 /* Products */,
			);
			sourceTree = "<group>";
		};
		48D3404E2576BD59007DB3D7 /* Products */ = {
			isa = PBXGroup;
			children = (
				48D3404D2576BD59007DB3D7 /* Magic 8 Ball.app */,
				48D340632576BD5F007DB3D7 /* Magic 8 BallTests.xctest */,
				48D3406E2576BD5F007DB3D7 /* Magic 8 BallUITests.xctest */,
			);
			name = Products;
			sourceTree = "<group>";
		};
		48D3404F2576BD59007DB3D7 /* Magic 8 Ball */ = {
			isa = PBXGroup;
			children = (
				48D340502576BD59007DB3D7 /* AppDelegate.swift */,
				48D340522576BD59007DB3D7 /* SceneDelegate.swift */,
				48D340542576BD59007DB3D7 /* ViewController.swift */,
				48D340562576BD59007DB3D7 /* Main.storyboard */,
				48D340592576BD5F007DB3D7 /* Assets.xcassets */,
				48D3405B2576BD5F007DB3D7 /* LaunchScreen.storyboard */,
				48D3405E2576BD5F007DB3D7 /* Info.plist */,
			);
			path = "Magic 8 Ball";
			sourceTree = "<group>";
		};
		48D340662576BD5F007DB3D7 /* Magic 8 BallTests */ = {
			isa = PBXGroup;
			children = (
				48D340672576BD5F007DB3D7 /* Magic_8_BallTests.swift */,
				48D340692576BD5F007DB3D7 /* Info.plist */,
			);
			path = "Magic 8 BallTests";
			sourceTree = "<group>";
		};
		48D340712576BD60007DB3D7 /* Magic 8 BallUITests */ = {
			isa = PBXGroup;
			children = (
				48D340722576BD60007DB3D7 /* Magic_8_BallUITests.swift */,
				48D340742576BD60007DB3D7 /* Info.plist */,
			);
			path = "Magic 8 BallUITests";
			sourceTree = "<group>";
		};
/* End PBXGroup section */

/* Begin PBXNativeTarget section */
		48D3404C2576BD59007DB3D7 /* Magic 8 Ball */ = {
			isa = PBXNativeTarget;
			buildConfigurationList = 48D340772576BD60007DB3D7 /* Build configuration list for PBXNativeTarget "Magic 8 Ball" */;
			buildPhases = (
				48D340492576BD59007DB3D7 /* Sources */,
				48D3404A2576BD59007DB3D7 /* Frameworks */,
				48D3404B2576BD59007DB3D7 /* Resources */,
			);
			buildRules = (
			);
			dependencies = (
			);
			name = "Magic 8 Ball";
			productName = "Magic 8 Ball";
			productReference = 48D3404D2576BD59007DB3D7 /* Magic 8 Ball.app */;
			productType = "com.apple.product-type.application";
		};
		48D340622576BD5F007DB3D7 /* Magic 8 BallTests */ = {
			isa = PBXNativeTarget;
			buildConfigurationList = 48D3407A2576BD60007DB3D7 /* Build configuration list for PBXNativeTarget "Magic 8 BallTests" */;
			buildPhases = (
				48D3405F2576BD5F007DB3D7 /* Sources */,
				48D340602576BD5F007DB3D7 /* Frameworks */,
				48D340612576BD5F007DB3D7 /* Resources */,
			);
			buildRules = (
			);
			dependencies = (
				48D340652576BD5F007DB3D7 /* PBXTargetDependency */,
			);
			name = "Magic 8 BallTests";
			productName = "Magic 8 BallTests";
			productReference = 48D340632576BD5F007DB3D7 /* Magic 8 BallTests.xctest */;
			productType = "com.apple.product-type.bundle.unit-test";
		};
		48D3406D2576BD5F007DB3D7 /* Magic 8 BallUITests */ = {
			isa = PBXNativeTarget;
			buildConfigurationList = 48D3407D2576BD60007DB3D7 /* Build configuration list for PBXNativeTarget "Magic 8 BallUITests" */;
			buildPhases = (
				48D3406A2576BD5F007DB3D7 /* Sources */,
				48D3406B2576BD5F007DB3D7 /* Frameworks */,
				48D3406C2576BD5F007DB3D7 /* Resources */,
			);
			buildRules = (
			);
			dependencies = (
				48D340702576BD5F007DB3D7 /* PBXTargetDependency */,
			);
			name = "Magic 8 BallUITests";
			productName = "Magic 8 BallUITests";
			productReference = 48D3406E2576BD5F007DB3D7 /* Magic 8 BallUITests.xctest */;
			productType = "com.apple.product-type.bundle.ui-testing";
		};
/* End PBXNativeTarget section */

/* Begin PBXProject section */
		48D340452576BD59007DB3D7 /* Project object */ = {
			isa = PBXProject;
			attributes = {
				LastSwiftUpdateCheck = 1220;
				LastUpgradeCheck = 1220;
				TargetAttributes = {
					48D3404C2576BD59007DB3D7 = {
						CreatedOnToolsVersion = 12.2;
					};
					48D340622576BD5F007DB3D7 = {
						CreatedOnToolsVersion = 12.2;
						TestTargetID = 48D3404C2576BD59007DB3D7;
					};
					48D3406D2576BD5F007DB3D7 = {
						CreatedOnToolsVersion = 12.2;
						TestTargetID = 48D3404C2576BD59007DB3D7;
					};
				};
			};
			buildConfigurationList = 48D340482576BD59007DB3D7 /* Build configuration list for PBXProject "Magic 8 Ball" */;
			compatibilityVersion = "Xcode 9.3";
			developmentRegion = en;
			hasScannedForEncodings = 0;
			knownRegions = (
				en,
				Base,
			);
			mainGroup = 48D340442576BD59007DB3D7;
			productRefGroup = 48D3404E2576BD59007DB3D7 /* Products */;
			projectDirPath = "";
			projectRoot = "";
			targets = (
				48D3404C2576BD59007DB3D7 /* Magic 8 Ball */,
				48D340622576BD5F007DB3D7 /* Magic 8 BallTests */,
				48D3406D2576BD5F007DB3D7 /* Magic 8 BallUITests */,
			);
		};
/* End PBXProject section */

/* Begin PBXResourcesBuildPhase section */
		48D3404B2576BD59007DB3D7 /* Resources */ = {
			isa = PBXResourcesBuildPhase;
			buildActionMask = 2147483647;
			files = (
				48D3405D2576BD5F007DB3D7 /* LaunchScreen.storyboard in Resources */,
				48D3405A2576BD5F007DB3D7 /* Assets.xcassets in Resources */,
				48D340582576BD59007DB3D7 /* Main.storyboard in Resources */,
			);
			runOnlyForDeploymentPostprocessing = 0;
		};
		48D340612576BD5F007DB3D7 /* Resources */ = {
			isa = PBXResourcesBuildPhase;
			buildActionMask = 2147483647;
			files = (
			);
			runOnlyForDeploymentPostprocessing = 0;
		};
		48D3406C2576BD5F007DB3D7 /* Resources */ = {
			isa = PBXResourcesBuildPhase;
			buildActionMask = 2147483647;
			files = (
			);
			runOnlyForDeploymentPostprocessing = 0;
		};
/* End PBXResourcesBuildPhase section */

/* Begin PBXSourcesBuildPhase section */
		48D340492576BD59007DB3D7 /* Sources */ = {
			isa = PBXSourcesBuildPhase;
			buildActionMask = 2147483647;
			files = (
				48D340552576BD59007DB3D7 /* ViewController.swift in Sources */,
				48D340512576BD59007DB3D7 /* AppDelegate.swift in Sources */,
				48D340532576BD59007DB3D7 /* SceneDelegate.swift in Sources */,
			);
			runOnlyForDeploymentPostprocessing = 0;
		};
		48D3405F2576BD5F007DB3D7 /* Sources */ = {
			isa = PBXSourcesBuildPhase;
			buildActionMask = 2147483647;
			files = (
				48D340682576BD5F007DB3D7 /* Magic_8_BallTests.swift in Sources */,
			);
			runOnlyForDeploymentPostprocessing = 0;
		};
		48D3406A2576BD5F007DB3D7 /* Sources */ = {
			isa = PBXSourcesBuildPhase;
			buildActionMask = 2147483647;
			files = (
				48D340732576BD60007DB3D7 /* Magic_8_BallUITests.swift in Sources */,
			);
			runOnlyForDeploymentPostprocessing = 0;
		};
/* End PBXSourcesBuildPhase section */

/* Begin PBXTargetDependency section */
		48D340652576BD5F007DB3D7 /* PBXTargetDependency */ = {
			isa = PBXTargetDependency;
			target = 48D3404C2576BD59007DB3D7 /* Magic 8 Ball */;
			targetProxy = 48D340642576BD5F007DB3D7 /* PBXContainerItemProxy */;
		};
		48D340702576BD5F007DB3D7 /* PBXTargetDependency */ = {
			isa = PBXTargetDependency;
			target = 48D3404C2576BD59007DB3D7 /* Magic 8 Ball */;
			targetProxy = 48D3406F2576BD5F007DB3D7 /* PBXContainerItemProxy */;
		};
/* End PBXTargetDependency section */

/* Begin PBXVariantGroup section */
		48D340562576BD59007DB3D7 /* Main.storyboard */ = {
			isa = PBXVariantGroup;
			children = (
				48D340572576BD59007DB3D7 /* Base */,
			);
			name = Main.storyboard;
			sourceTree = "<group>";
		};
		48D3405B2576BD5F007DB3D7 /* LaunchScreen.storyboard */ = {
			isa = PBXVariantGroup;
			children = (
				48D3405C2576BD5F007DB3D7 /* Base */,
			);
			name = LaunchScreen.storyboard;
			sourceTree = "<group>";
		};
/* End PBXVariantGroup section */

/* Begin XCBuildConfiguration section */
		48D340752576BD60007DB3D7 /* Debug */ = {
			isa = XCBuildConfiguration;
			buildSettings = {
				ALWAYS_SEARCH_USER_PATHS = NO;
				CLANG_ANALYZER_NONNULL = YES;
				CLANG_ANALYZER_NUMBER_OBJECT_CONVERSION = YES_AGGRESSIVE;
				CLANG_CXX_LANGUAGE_STANDARD = "gnu++14";
				CLANG_CXX_LIBRARY = "libc++";
				CLANG_ENABLE_MODULES = YES;
				CLANG_ENABLE_OBJC_ARC = YES;
				CLANG_ENABLE_OBJC_WEAK = YES;
				CLANG_WARN_BLOCK_CAPTURE_AUTORELEASING = YES;
				CLANG_WARN_BOOL_CONVERSION = YES;
				CLANG_WARN_COMMA = YES;
				CLANG_WARN_CONSTANT_CONVERSION = YES;
				CLANG_WARN_DEPRECATED_OBJC_IMPLEMENTATIONS = YES;
				CLANG_WARN_DIRECT_OBJC_ISA_USAGE = YES_ERROR;
				CLANG_WARN_DOCUMENTATION_COMMENTS = YES;
				CLANG_WARN_EMPTY_BODY = YES;
				CLANG_WARN_ENUM_CONVERSION = YES;
				CLANG_WARN_INFINITE_RECURSION = YES;
				CLANG_WARN_INT_CONVERSION = YES;
				CLANG_WARN_NON_LITERAL_NULL_CONVERSION = YES;
				CLANG_WARN_OBJC_IMPLICIT_RETAIN_SELF = YES;
				CLANG_WARN_OBJC_LITERAL_CONVERSION = YES;
				CLANG_WARN_OBJC_ROOT_CLASS = YES_ERROR;
				CLANG_WARN_QUOTED_INCLUDE_IN_FRAMEWORK_HEADER = YES;
				CLANG_WARN_RANGE_LOOP_ANALYSIS = YES;
				CLANG_WARN_STRICT_PROTOTYPES = YES;
				CLANG_WARN_SUSPICIOUS_MOVE = YES;
				CLANG_WARN_UNGUARDED_AVAILABILITY = YES_AGGRESSIVE;
				CLANG_WARN_UNREACHABLE_CODE = YES;
				CLANG_WARN__DUPLICATE_METHOD_MATCH = YES;
				COPY_PHASE_STRIP = NO;
				DEBUG_INFORMATION_FORMAT = dwarf;
				ENABLE_STRICT_OBJC_MSGSEND = YES;
				ENABLE_TESTABILITY = YES;
				GCC_C_LANGUAGE_STANDARD = gnu11;
				GCC_DYNAMIC_NO_PIC = NO;
				GCC_NO_COMMON_BLOCKS = YES;
				GCC_OPTIMIZATION_LEVEL = 0;
				GCC_PREPROCESSOR_DEFINITIONS = (
					"DEBUG=1",
					"$(inherited)",
				);
				GCC_WARN_64_TO_32_BIT_CONVERSION = YES;
				GCC_WARN_ABOUT_RETURN_TYPE = YES_ERROR;
				GCC_WARN_UNDECLARED_SELECTOR = YES;
				GCC_WARN_UNINITIALIZED_AUTOS = YES_AGGRESSIVE;
				GCC_WARN_UNUSED_FUNCTION = YES;
				GCC_WARN_UNUSED_VARIABLE = YES;
				IPHONEOS_DEPLOYMENT_TARGET = 14.2;
				MTL_ENABLE_DEBUG_INFO = INCLUDE_SOURCE;
				MTL_FAST_MATH = YES;
				ONLY_ACTIVE_ARCH = YES;
				SDKROOT = iphoneos;
				SWIFT_ACTIVE_COMPILATION_CONDITIONS = DEBUG;
				SWIFT_OPTIMIZATION_LEVEL = "-Onone";
			};
			name = Debug;
		};
		48D340762576BD60007DB3D7 /* Release */ = {
			isa = XCBuildConfiguration;
			buildSettings = {
				ALWAYS_SEARCH_USER_PATHS = NO;
				CLANG_ANALYZER_NONNULL = YES;
				CLANG_ANALYZER_NUMBER_OBJECT_CONVERSION = YES_AGGRESSIVE;
				CLANG_CXX_LANGUAGE_STANDARD = "gnu++14";
				CLANG_CXX_LIBRARY = "libc++";
				CLANG_ENABLE_MODULES = YES;
				CLANG_ENABLE_OBJC_ARC = YES;
				CLANG_ENABLE_OBJC_WEAK = YES;
				CLANG_WARN_BLOCK_CAPTURE_AUTORELEASING = YES;
				CLANG_WARN_BOOL_CONVERSION = YES;
				CLANG_WARN_COMMA = YES;
				CLANG_WARN_CONSTANT_CONVERSION = YES;
				CLANG_WARN_DEPRECATED_OBJC_IMPLEMENTATIONS = YES;
				CLANG_WARN_DIRECT_OBJC_ISA_USAGE = YES_ERROR;
				CLANG_WARN_DOCUMENTATION_COMMENTS = YES;
				CLANG_WARN_EMPTY_BODY = YES;
				CLANG_WARN_ENUM_CONVERSION = YES;
				CLANG_WARN_INFINITE_RECURSION = YES;
				CLANG_WARN_INT_CONVERSION = YES;
				CLANG_WARN_NON_LITERAL_NULL_CONVERSION = YES;
				CLANG_WARN_OBJC_IMPLICIT_RETAIN_SELF = YES;
				CLANG_WARN_OBJC_LITERAL_CONVERSION = YES;
				CLANG_WARN_OBJC_ROOT_CLASS = YES_ERROR;
				CLANG_WARN_QUOTED_INCLUDE_IN_FRAMEWORK_HEADER = YES;
				CLANG_WARN_RANGE_LOOP_ANALYSIS = YES;
				CLANG_WARN_STRICT_PROTOTYPES = YES;
				CLANG_WARN_SUSPICIOUS_MOVE = YES;
				CLANG_WARN_UNGUARDED_AVAILABILITY = YES_AGGRESSIVE;
				CLANG_WARN_UNREACHABLE_CODE = YES;
				CLANG_WARN__DUPLICATE_METHOD_MATCH = YES;
				COPY_PHASE_STRIP = NO;
				DEBUG_INFORMATION_FORMAT = "dwarf-with-dsym";
				ENABLE_NS_ASSERTIONS = NO;
				ENABLE_STRICT_OBJC_MSGSEND = YES;
				GCC_C_LANGUAGE_STANDARD = gnu11;
				GCC_NO_COMMON_BLOCKS = YES;
				GCC_WARN_64_TO_32_BIT_CONVERSION = YES;
				GCC_WARN_ABOUT_RETURN_TYPE = YES_ERROR;
				GCC_WARN_UNDECLARED_SELECTOR = YES;
				GCC_WARN_UNINITIALIZED_AUTOS = YES_AGGRESSIVE;
				GCC_WARN_UNUSED_FUNCTION = YES;
				GCC_WARN_UNUSED_VARIABLE = YES;
				IPHONEOS_DEPLOYMENT_TARGET = 14.2;
				MTL_ENABLE_DEBUG_INFO = NO;
				MTL_FAST_MATH = YES;
				SDKROOT = iphoneos;
				SWIFT_COMPILATION_MODE = wholemodule;
				SWIFT_OPTIMIZATION_LEVEL = "-O";
				VALIDATE_PRODUCT = YES;
			};
			name = Release;
		};
		48D340782576BD60007DB3D7 /* Debug */ = {
			isa = XCBuildConfiguration;
			buildSettings = {
				ASSETCATALOG_COMPILER_APPICON_NAME = AppIcon;
				ASSETCATALOG_COMPILER_GLOBAL_ACCENT_COLOR_NAME = AccentColor;
				CODE_SIGN_STYLE = Automatic;
				DEVELOPMENT_TEAM = 8D6A86YZH2;
				INFOPLIST_FILE = "Magic 8 Ball/Info.plist";
				LD_RUNPATH_SEARCH_PATHS = (
					"$(inherited)",
					"@executable_path/Frameworks",
				);
				PRODUCT_BUNDLE_IDENTIFIER = "JB.Magic-8-Ball";
				PRODUCT_NAME = "$(TARGET_NAME)";
				SWIFT_VERSION = 5.0;
				TARGETED_DEVICE_FAMILY = "1,2";
			};
			name = Debug;
		};
		48D340792576BD60007DB3D7 /* Release */ = {
			isa = XCBuildConfiguration;
			buildSettings = {
				ASSETCATALOG_COMPILER_APPICON_NAME = AppIcon;
				ASSETCATALOG_COMPILER_GLOBAL_ACCENT_COLOR_NAME = AccentColor;
				CODE_SIGN_STYLE = Automatic;
				DEVELOPMENT_TEAM = 8D6A86YZH2;
				INFOPLIST_FILE = "Magic 8 Ball/Info.plist";
				LD_RUNPATH_SEARCH_PATHS = (
					"$(inherited)",
					"@executable_path/Frameworks",
				);
				PRODUCT_BUNDLE_IDENTIFIER = "JB.Magic-8-Ball";
				PRODUCT_NAME = "$(TARGET_NAME)";
				SWIFT_VERSION = 5.0;
				TARGETED_DEVICE_FAMILY = "1,2";
			};
			name = Release;
		};
		48D3407B2576BD60007DB3D7 /* Debug */ = {
			isa = XCBuildConfiguration;
			buildSettings = {
				ALWAYS_EMBED_SWIFT_STANDARD_LIBRARIES = YES;
				BUNDLE_LOADER = "$(TEST_HOST)";
				CODE_SIGN_STYLE = Automatic;
				DEVELOPMENT_TEAM = 8D6A86YZH2;
				INFOPLIST_FILE = "Magic 8 BallTests/Info.plist";
				IPHONEOS_DEPLOYMENT_TARGET = 14.2;
				LD_RUNPATH_SEARCH_PATHS = (
					"$(inherited)",
					"@executable_path/Frameworks",
					"@loader_path/Frameworks",
				);
				PRODUCT_BUNDLE_IDENTIFIER = "JB.Magic-8-BallTests";
				PRODUCT_NAME = "$(TARGET_NAME)";
				SWIFT_VERSION = 5.0;
				TARGETED_DEVICE_FAMILY = "1,2";
				TEST_HOST = "$(BUILT_PRODUCTS_DIR)/Magic 8 Ball.app/Magic 8 Ball";
			};
			name = Debug;
		};
		48D3407C2576BD60007DB3D7 /* Release */ = {
			isa = XCBuildConfiguration;
			buildSettings = {
				ALWAYS_EMBED_SWIFT_STANDARD_LIBRARIES = YES;
				BUNDLE_LOADER = "$(TEST_HOST)";
				CODE_SIGN_STYLE = Automatic;
				DEVELOPMENT_TEAM = 8D6A86YZH2;
				INFOPLIST_FILE = "Magic 8 BallTests/Info.plist";
				IPHONEOS_DEPLOYMENT_TARGET = 14.2;
				LD_RUNPATH_SEARCH_PATHS = (
					"$(inherited)",
					"@executable_path/Frameworks",
					"@loader_path/Frameworks",
				);
				PRODUCT_BUNDLE_IDENTIFIER = "JB.Magic-8-BallTests";
				PRODUCT_NAME = "$(TARGET_NAME)";
				SWIFT_VERSION = 5.0;
				TARGETED_DEVICE_FAMILY = "1,2";
				TEST_HOST = "$(BUILT_PRODUCTS_DIR)/Magic 8 Ball.app/Magic 8 Ball";
			};
			name = Release;
		};
		48D3407E2576BD60007DB3D7 /* Debug */ = {
			isa = XCBuildConfiguration;
			buildSettings = {
				ALWAYS_EMBED_SWIFT_STANDARD_LIBRARIES = YES;
				CODE_SIGN_STYLE = Automatic;
				DEVELOPMENT_TEAM = 8D6A86YZH2;
				INFOPLIST_FILE = "Magic 8 BallUITests/Info.plist";
				LD_RUNPATH_SEARCH_PATHS = (
					"$(inherited)",
					"@executable_path/Frameworks",
					"@loader_path/Frameworks",
				);
				PRODUCT_BUNDLE_IDENTIFIER = "JB.Magic-8-BallUITests";
				PRODUCT_NAME = "$(TARGET_NAME)";
				SWIFT_VERSION = 5.0;
				TARGETED_DEVICE_FAMILY = "1,2";
				TEST_TARGET_NAME = "Magic 8 Ball";
			};
			name = Debug;
		};
		48D3407F2576BD60007DB3D7 /* Release */ = {
			isa = XCBuildConfiguration;
			buildSettings = {
				ALWAYS_EMBED_SWIFT_STANDARD_LIBRARIES = YES;
				CODE_SIGN_STYLE = Automatic;
				DEVELOPMENT_TEAM = 8D6A86YZH2;
				INFOPLIST_FILE = "Magic 8 BallUITests/Info.plist";
				LD_RUNPATH_SEARCH_PATHS = (
					"$(inherited)",
					"@executable_path/Frameworks",
					"@loader_path/Frameworks",
				);
				PRODUCT_BUNDLE_IDENTIFIER = "JB.Magic-8-BallUITests";
				PRODUCT_NAME = "$(TARGET_NAME)";
				SWIFT_VERSION = 5.0;
				TARGETED_DEVICE_FAMILY = "1,2";
				TEST_TARGET_NAME = "Magic 8 Ball";
			};
			name = Release;
		};
/* End XCBuildConfiguration section */

/* Begin XCConfigurationList section */
		48D340482576BD59007DB3D7 /* Build configuration list for PBXProject "Magic 8 Ball" */ = {
			isa = XCConfigurationList;
			buildConfigurations = (
				48D340752576BD60007DB3D7 /* Debug */,
				48D340762576BD60007DB3D7 /* Release */,
			);
			defaultConfigurationIsVisible = 0;
			defaultConfigurationName = Release;
		};
		48D340772576BD60007DB3D7 /* Build configuration list for PBXNativeTarget "Magic 8 Ball" */ = {
			isa = XCConfigurationList;
			buildConfigurations = (
				48D340782576BD60007DB3D7 /* Debug */,
				48D340792576BD60007DB3D7 /* Release */,
			);
			defaultConfigurationIsVisible = 0;
			defaultConfigurationName = Release;
		};
		48D3407A2576BD60007DB3D7 /* Build configuration list for PBXNativeTarget "Magic 8 BallTests" */ = {
			isa = XCConfigurationList;
			buildConfigurations = (
				48D3407B2576BD60007DB3D7 /* Debug */,
				48D3407C2576BD60007DB3D7 /* Release */,
			);
			defaultConfigurationIsVisible = 0;
			defaultConfigurationName = Release;
		};
		48D3407D2576BD60007DB3D7 /* Build configuration list for PBXNativeTarget "Magic 8 BallUITests" */ = {
			isa = XCConfigurationList;
			buildConfigurations = (
				48D3407E2576BD60007DB3D7 /* Debug */,
				48D3407F2576BD60007DB3D7 /* Release */,
			);
			defaultConfigurationIsVisible = 0;
			defaultConfigurationName = Release;
		};
/* End XCConfigurationList section */
	};
	rootObject = 48D340452576BD59007DB3D7 /* Project object */;
}
